
Microsoft Visual Studio Solution File, Format Version 12.00
# Visual Studio Version 16
VisualStudioVersion = 16.0.29509.3
MinimumVisualStudioVersion = 10.0.40219.1
Project("{9A19103F-16F7-4668-BE54-9A1E7A4F7556}") = "SpotifyApp.API", "SpotifyApp.API.csproj", "{DBE64BFE-6BFC-4167-9478-0A18FDCEEA7F}"
EndProject
Global
	GlobalSection(SolutionConfigurationPlatforms) = preSolution
		Debug|Any CPU = Debug|Any CPU
		Release|Any CPU = Release|Any CPU
	EndGlobalSection
	GlobalSection(ProjectConfigurationPlatforms) = postSolution
		{DBE64BFE-6BFC-4167-9478-0A18FDCEEA7F}.Debug|Any CPU.ActiveCfg = Debug|Any CPU
		{DBE64BFE-6BFC-4167-9478-0A18FDCEEA7F}.Debug|Any CPU.Build.0 = Debug|Any CPU
		{DBE64BFE-6BFC-4167-9478-0A18FDCEEA7F}.Release|Any CPU.ActiveCfg = Release|Any CPU
		{DBE64BFE-6BFC-4167-9478-0A18FDCEEA7F}.Release|Any CPU.Build.0 = Release|Any CPU
	EndGlobalSection
	GlobalSection(SolutionProperties) = preSolution
		HideSolutionNode = FALSE
	EndGlobalSection
	GlobalSection(ExtensibilityGlobals) = postSolution
		SolutionGuid = {CE55C020-7D4B-41CB-88FB-700EC78E0912}
	EndGlobalSection
EndGlobal
